
Microsoft Visual Studio Solution File, Format Version 12.00
Project("{FAE04EC0-301F-11D3-BF4B-00C04F79EFBC}") = "Dova.InterfaceProviders.Moq", "Dova.InterfaceProviders.Moq\Dova.InterfaceProviders.Moq.csproj", "{398D2242-86B6-4D28-BE92-12DACB63E1BB}"
EndProject
Global
	GlobalSection(SolutionConfigurationPlatforms) = preSolution
		Debug|Any CPU = Debug|Any CPU
		Release|Any CPU = Release|Any CPU
	EndGlobalSection
	GlobalSection(ProjectConfigurationPlatforms) = postSolution
		{398D2242-86B6-4D28-BE92-12DACB63E1BB}.Debug|Any CPU.ActiveCfg = Debug|Any CPU
		{398D2242-86B6-4D28-BE92-12DACB63E1BB}.Debug|Any CPU.Build.0 = Debug|Any CPU
		{398D2242-86B6-4D28-BE92-12DACB63E1BB}.Release|Any CPU.ActiveCfg = Release|Any CPU
		{398D2242-86B6-4D28-BE92-12DACB63E1BB}.Release|Any CPU.Build.0 = Release|Any CPU
	EndGlobalSection
EndGlobal
